{
  "version": 4,
  "terraform_version": "1.14.2",
  "serial": 15,
  "lineage": "4940c3f0-8937-7b74-7dba-30305f758877",
  "outputs": {
    "private_vm_private_ips": {
      "value": {
        "demo-prv-vm1": "10.10.2.4"
      },
      "type": [
        "object",
        {
          "demo-prv-vm1": "string"
        }
      ]
    },
    "public_vm_public_ips": {
      "value": {
        "demo-pub-vm1": "20.240.235.213"
      },
      "type": [
        "object",
        {
          "demo-pub-vm1": "string"
        }
      ]
    }
  },
  "resources": [
    {
      "mode": "data",
      "type": "azurerm_platform_image",
      "name": "ubuntu",
      "provider": "provider[\"registry.terraform.io/hashicorp/azurerm\"]",
      "instances": [
        {
          "schema_version": 0,
          "attributes": {
            "id": "/subscriptions/f50561d7-1fc2-45d3-bbd8-a4a7925b1976/providers/Microsoft.Compute/locations/SwedenCentral/publishers/Canonical/artifactTypes/vmImage/offers/0001-com-ubuntu-server-jammy/skus/22_04-lts/versions/22.04.202512120",
            "location": "swedencentral",
            "offer": "0001-com-ubuntu-server-jammy",
            "publisher": "Canonical",
            "sku": "22_04-lts",
            "timeouts": null,
            "version": "22.04.202512120"
          },
          "sensitive_attributes": [],
          "identity_schema_version": 0
        }
      ]
    },
    {
      "mode": "managed",
      "type": "azurerm_linux_virtual_machine",
      "name": "vm_private",
      "provider": "provider[\"registry.terraform.io/hashicorp/azurerm\"]",
      "instances": [
        {
          "index_key": "demo-prv-vm1",
          "schema_version": 0,
          "attributes": {
            "additional_capabilities": [],
            "admin_password": null,
            "admin_ssh_key": [
              {
                "public_key": "ssh-rsa AAAAB3NzaC1yc2EAAAADAQABAAACAQDPeoTpgaExRfGckY6utT8L1AkHAwrW+Npj8yVQxKlD2tgOBxdpKdwoVObzECmdDbGdtpeNqI89JNQTlFfHwE3ZQ5r9lyFqJNxUMnZoGTMSP4D0/8HTBCnT2o0SZOmBcVQKudEWFSkNhFyL5LBnxKBBWQ7UMkcUkOblyltCfX4lAwy3lOfvr8BNjxALX1OahgUk+jxd1GHh/gWicGgTJk4SDtzvSdKXaMrH7yau2+No3cGbl09+EJeIeLo/rc2IjO41bXsNOfI/90HwYIxjvliB7Yw6sJRGr1FKK0XoyRXTxQdp6PHqAGkIpIOgw+181Wp2aplOock7E7W25jkXtMc/KgoYYRrsd6w64JPVt5i5jEj8hUchJmrSr3aP9KwMvfj6w/EKBuNnFtwbwUGYkaFVToBsGMcHlYuieMPRqZ85pU0yddk+fJNrwuBoAHCsOB6SynItYU/72lX2v7L6MI9lnWgn3NJJGUKSXCPZ55qDYaqDvLEmBkSs8so1yYzr4EkuUYnSMYs92RJjHsz4l9XRMjdMSfcO+ImQoKEKRwkEpoun2hSH2epu/y0KpemJDP4MWDZrNNNNcRnqUhqNnF3RQSE0eTtnwq3DEKrqD331N/9I4oZCTHoZ4cmXbGkYmxvb6MkVRY670N8VUNo6Cl6lB50kqJg9ohiRxqsVeeT4jw== cj@CJdebian",
                "username": "azureuser"
              }
            ],
            "admin_username": "azureuser",
            "allow_extension_operations": true,
            "availability_set_id": "",
            "boot_diagnostics": [],
            "bypass_platform_safety_checks_on_user_schedule_enabled": false,
            "capacity_reservation_group_id": "",
            "computer_name": "demo-prv-vm1",
            "custom_data": null,
            "dedicated_host_group_id": "",
            "dedicated_host_id": "",
            "disable_password_authentication": true,
            "disk_controller_type": "",
            "edge_zone": "",
            "encryption_at_host_enabled": false,
            "eviction_policy": "",
            "extensions_time_budget": "PT1H30M",
            "gallery_application": [],
            "id": "/subscriptions/f50561d7-1fc2-45d3-bbd8-a4a7925b1976/resourceGroups/rg-cj-test/providers/Microsoft.Compute/virtualMachines/demo-prv-vm1",
            "identity": [],
            "license_type": "",
            "location": "swedencentral",
            "max_bid_price": -1,
            "name": "demo-prv-vm1",
            "network_interface_ids": [
              "/subscriptions/f50561d7-1fc2-45d3-bbd8-a4a7925b1976/resourceGroups/rg-cj-test/providers/Microsoft.Network/networkInterfaces/demo-prv-vm1-nic"
            ],
            "os_disk": [
              {
                "caching": "ReadWrite",
                "diff_disk_settings": [],
                "disk_encryption_set_id": "",
                "disk_size_gb": 30,
                "name": "demo-prv-vm1-osdisk",
                "secure_vm_disk_encryption_set_id": "",
                "security_encryption_type": "",
                "storage_account_type": "Standard_LRS",
                "write_accelerator_enabled": false
              }
            ],
            "os_image_notification": [],
            "patch_assessment_mode": "ImageDefault",
            "patch_mode": "ImageDefault",
            "plan": [],
            "platform_fault_domain": -1,
            "priority": "Regular",
            "private_ip_address": "10.10.2.4",
            "private_ip_addresses": [
              "10.10.2.4"
            ],
            "provision_vm_agent": true,
            "proximity_placement_group_id": "",
            "public_ip_address": "",
            "public_ip_addresses": [],
            "reboot_setting": "",
            "resource_group_name": "rg-cj-test",
            "secret": [],
            "secure_boot_enabled": false,
            "size": "Standard_B2ls_v2",
            "source_image_id": "",
            "source_image_reference": [
              {
                "offer": "0001-com-ubuntu-server-jammy",
                "publisher": "Canonical",
                "sku": "22_04-lts",
                "version": "latest"
              }
            ],
            "tags": null,
            "termination_notification": null,
            "timeouts": null,
            "user_data": "",
            "virtual_machine_id": "d67b34c2-921b-4e03-a4a8-861f8273f1c8",
            "virtual_machine_scale_set_id": "",
            "vm_agent_platform_updates_enabled": false,
            "vtpm_enabled": false,
            "zone": ""
          },
          "sensitive_attributes": [
            [
              {
                "type": "get_attr",
                "value": "admin_password"
              }
            ],
            [
              {
                "type": "get_attr",
                "value": "custom_data"
              }
            ]
          ],
          "identity_schema_version": 0,
          "private": "eyJlMmJmYjczMC1lY2FhLTExZTYtOGY4OC0zNDM2M2JjN2M0YzAiOnsiY3JlYXRlIjoyNzAwMDAwMDAwMDAwLCJkZWxldGUiOjI3MDAwMDAwMDAwMDAsInJlYWQiOjMwMDAwMDAwMDAwMCwidXBkYXRlIjoyNzAwMDAwMDAwMDAwfX0=",
          "dependencies": [
            "azurerm_network_interface.nic_private",
            "azurerm_resource_group.rg",
            "azurerm_subnet.private",
            "azurerm_virtual_network.vnet",
            "data.azurerm_platform_image.ubuntu"
          ]
        }
      ]
    },
    {
      "mode": "managed",
      "type": "azurerm_linux_virtual_machine",
      "name": "vm_public",
      "provider": "provider[\"registry.terraform.io/hashicorp/azurerm\"]",
      "instances": [
        {
          "index_key": "demo-pub-vm1",
          "schema_version": 0,
          "attributes": {
            "additional_capabilities": [],
            "admin_password": null,
            "admin_ssh_key": [
              {
                "public_key": "ssh-rsa AAAAB3NzaC1yc2EAAAADAQABAAACAQDPeoTpgaExRfGckY6utT8L1AkHAwrW+Npj8yVQxKlD2tgOBxdpKdwoVObzECmdDbGdtpeNqI89JNQTlFfHwE3ZQ5r9lyFqJNxUMnZoGTMSP4D0/8HTBCnT2o0SZOmBcVQKudEWFSkNhFyL5LBnxKBBWQ7UMkcUkOblyltCfX4lAwy3lOfvr8BNjxALX1OahgUk+jxd1GHh/gWicGgTJk4SDtzvSdKXaMrH7yau2+No3cGbl09+EJeIeLo/rc2IjO41bXsNOfI/90HwYIxjvliB7Yw6sJRGr1FKK0XoyRXTxQdp6PHqAGkIpIOgw+181Wp2aplOock7E7W25jkXtMc/KgoYYRrsd6w64JPVt5i5jEj8hUchJmrSr3aP9KwMvfj6w/EKBuNnFtwbwUGYkaFVToBsGMcHlYuieMPRqZ85pU0yddk+fJNrwuBoAHCsOB6SynItYU/72lX2v7L6MI9lnWgn3NJJGUKSXCPZ55qDYaqDvLEmBkSs8so1yYzr4EkuUYnSMYs92RJjHsz4l9XRMjdMSfcO+ImQoKEKRwkEpoun2hSH2epu/y0KpemJDP4MWDZrNNNNcRnqUhqNnF3RQSE0eTtnwq3DEKrqD331N/9I4oZCTHoZ4cmXbGkYmxvb6MkVRY670N8VUNo6Cl6lB50kqJg9ohiRxqsVeeT4jw== cj@CJdebian",
                "username": "azureuser"
              }
            ],
            "admin_username": "azureuser",
            "allow_extension_operations": true,
            "availability_set_id": "",
            "boot_diagnostics": [],
            "bypass_platform_safety_checks_on_user_schedule_enabled": false,
            "capacity_reservation_group_id": "",
            "computer_name": "demo-pub-vm1",
            "custom_data": null,
            "dedicated_host_group_id": "",
            "dedicated_host_id": "",
            "disable_password_authentication": true,
            "disk_controller_type": "",
            "edge_zone": "",
            "encryption_at_host_enabled": false,
            "eviction_policy": "",
            "extensions_time_budget": "PT1H30M",
            "gallery_application": [],
            "id": "/subscriptions/f50561d7-1fc2-45d3-bbd8-a4a7925b1976/resourceGroups/rg-cj-test/providers/Microsoft.Compute/virtualMachines/demo-pub-vm1",
            "identity": [],
            "license_type": "",
            "location": "swedencentral",
            "max_bid_price": -1,
            "name": "demo-pub-vm1",
            "network_interface_ids": [
              "/subscriptions/f50561d7-1fc2-45d3-bbd8-a4a7925b1976/resourceGroups/rg-cj-test/providers/Microsoft.Network/networkInterfaces/demo-pub-vm1-nic"
            ],
            "os_disk": [
              {
                "caching": "ReadWrite",
                "diff_disk_settings": [],
                "disk_encryption_set_id": "",
                "disk_size_gb": 30,
                "name": "demo-pub-vm1-osdisk",
                "secure_vm_disk_encryption_set_id": "",
                "security_encryption_type": "",
                "storage_account_type": "Standard_LRS",
                "write_accelerator_enabled": false
              }
            ],
            "os_image_notification": [],
            "patch_assessment_mode": "ImageDefault",
            "patch_mode": "ImageDefault",
            "plan": [],
            "platform_fault_domain": -1,
            "priority": "Regular",
            "private_ip_address": "10.10.1.4",
            "private_ip_addresses": [
              "10.10.1.4"
            ],
            "provision_vm_agent": true,
            "proximity_placement_group_id": "",
            "public_ip_address": "20.240.235.213",
            "public_ip_addresses": [
              "20.240.235.213"
            ],
            "reboot_setting": "",
            "resource_group_name": "rg-cj-test",
            "secret": [],
            "secure_boot_enabled": false,
            "size": "Standard_B2ls_v2",
            "source_image_id": "",
            "source_image_reference": [
              {
                "offer": "0001-com-ubuntu-server-jammy",
                "publisher": "Canonical",
                "sku": "22_04-lts",
                "version": "latest"
              }
            ],
            "tags": null,
            "termination_notification": null,
            "timeouts": null,
            "user_data": "",
            "virtual_machine_id": "d5129878-c9ac-4cf5-8e0a-0112f36ecd0c",
            "virtual_machine_scale_set_id": "",
            "vm_agent_platform_updates_enabled": false,
            "vtpm_enabled": false,
            "zone": ""
          },
          "sensitive_attributes": [
            [
              {
                "type": "get_attr",
                "value": "admin_password"
              }
            ],
            [
              {
                "type": "get_attr",
                "value": "custom_data"
              }
            ]
          ],
          "identity_schema_version": 0,
          "private": "eyJlMmJmYjczMC1lY2FhLTExZTYtOGY4OC0zNDM2M2JjN2M0YzAiOnsiY3JlYXRlIjoyNzAwMDAwMDAwMDAwLCJkZWxldGUiOjI3MDAwMDAwMDAwMDAsInJlYWQiOjMwMDAwMDAwMDAwMCwidXBkYXRlIjoyNzAwMDAwMDAwMDAwfX0=",
          "dependencies": [
            "azurerm_network_interface.nic_public",
            "azurerm_public_ip.pubip",
            "azurerm_resource_group.rg",
            "azurerm_subnet.public",
            "azurerm_virtual_network.vnet",
            "data.azurerm_platform_image.ubuntu"
          ]
        }
      ]
    },
    {
      "mode": "managed",
      "type": "azurerm_network_interface",
      "name": "nic_private",
      "provider": "provider[\"registry.terraform.io/hashicorp/azurerm\"]",
      "instances": [
        {
          "index_key": "demo-prv-vm1",
          "schema_version": 0,
          "attributes": {
            "accelerated_networking_enabled": false,
            "applied_dns_servers": [],
            "auxiliary_mode": "",
            "auxiliary_sku": "",
            "dns_servers": null,
            "edge_zone": "",
            "id": "/subscriptions/f50561d7-1fc2-45d3-bbd8-a4a7925b1976/resourceGroups/rg-cj-test/providers/Microsoft.Network/networkInterfaces/demo-prv-vm1-nic",
            "internal_dns_name_label": "",
            "internal_domain_name_suffix": "wbivr0xdb2aefecb2pxx444ewa.gvxx.internal.cloudapp.net",
            "ip_configuration": [
              {
                "gateway_load_balancer_frontend_ip_configuration_id": "",
                "name": "ipconfig1",
                "primary": true,
                "private_ip_address": "10.10.2.4",
                "private_ip_address_allocation": "Dynamic",
                "private_ip_address_version": "IPv4",
                "public_ip_address_id": "",
                "subnet_id": "/subscriptions/f50561d7-1fc2-45d3-bbd8-a4a7925b1976/resourceGroups/rg-cj-test/providers/Microsoft.Network/virtualNetworks/demo-vnet/subnets/demo-subnet-private"
              }
            ],
            "ip_forwarding_enabled": false,
            "location": "swedencentral",
            "mac_address": "",
            "name": "demo-prv-vm1-nic",
            "private_ip_address": "10.10.2.4",
            "private_ip_addresses": [
              "10.10.2.4"
            ],
            "resource_group_name": "rg-cj-test",
            "tags": null,
            "timeouts": null,
            "virtual_machine_id": ""
          },
          "sensitive_attributes": [],
          "identity_schema_version": 0,
          "private": "eyJlMmJmYjczMC1lY2FhLTExZTYtOGY4OC0zNDM2M2JjN2M0YzAiOnsiY3JlYXRlIjoxODAwMDAwMDAwMDAwLCJkZWxldGUiOjE4MDAwMDAwMDAwMDAsInJlYWQiOjMwMDAwMDAwMDAwMCwidXBkYXRlIjoxODAwMDAwMDAwMDAwfX0=",
          "dependencies": [
            "azurerm_resource_group.rg",
            "azurerm_subnet.private",
            "azurerm_virtual_network.vnet"
          ]
        }
      ]
    },
    {
      "mode": "managed",
      "type": "azurerm_network_interface",
      "name": "nic_public",
      "provider": "provider[\"registry.terraform.io/hashicorp/azurerm\"]",
      "instances": [
        {
          "index_key": "demo-pub-vm1",
          "schema_version": 0,
          "attributes": {
            "accelerated_networking_enabled": false,
            "applied_dns_servers": [],
            "auxiliary_mode": "",
            "auxiliary_sku": "",
            "dns_servers": null,
            "edge_zone": "",
            "id": "/subscriptions/f50561d7-1fc2-45d3-bbd8-a4a7925b1976/resourceGroups/rg-cj-test/providers/Microsoft.Network/networkInterfaces/demo-pub-vm1-nic",
            "internal_dns_name_label": "",
            "internal_domain_name_suffix": "wbivr0xdb2aefecb2pxx444ewa.gvxx.internal.cloudapp.net",
            "ip_configuration": [
              {
                "gateway_load_balancer_frontend_ip_configuration_id": "",
                "name": "ipconfig1",
                "primary": true,
                "private_ip_address": "10.10.1.4",
                "private_ip_address_allocation": "Dynamic",
                "private_ip_address_version": "IPv4",
                "public_ip_address_id": "/subscriptions/f50561d7-1fc2-45d3-bbd8-a4a7925b1976/resourceGroups/rg-cj-test/providers/Microsoft.Network/publicIPAddresses/demo-pub-vm1-pip",
                "subnet_id": "/subscriptions/f50561d7-1fc2-45d3-bbd8-a4a7925b1976/resourceGroups/rg-cj-test/providers/Microsoft.Network/virtualNetworks/demo-vnet/subnets/demo-subnet-public"
              }
            ],
            "ip_forwarding_enabled": false,
            "location": "swedencentral",
            "mac_address": "",
            "name": "demo-pub-vm1-nic",
            "private_ip_address": "10.10.1.4",
            "private_ip_addresses": [
              "10.10.1.4"
            ],
            "resource_group_name": "rg-cj-test",
            "tags": null,
            "timeouts": null,
            "virtual_machine_id": ""
          },
          "sensitive_attributes": [],
          "identity_schema_version": 0,
          "private": "eyJlMmJmYjczMC1lY2FhLTExZTYtOGY4OC0zNDM2M2JjN2M0YzAiOnsiY3JlYXRlIjoxODAwMDAwMDAwMDAwLCJkZWxldGUiOjE4MDAwMDAwMDAwMDAsInJlYWQiOjMwMDAwMDAwMDAwMCwidXBkYXRlIjoxODAwMDAwMDAwMDAwfX0=",
          "dependencies": [
            "azurerm_public_ip.pubip",
            "azurerm_resource_group.rg",
            "azurerm_subnet.public",
            "azurerm_virtual_network.vnet"
          ]
        }
      ]
    },
    {
      "mode": "managed",
      "type": "azurerm_network_security_group",
      "name": "nsg_private",
      "provider": "provider[\"registry.terraform.io/hashicorp/azurerm\"]",
      "instances": [
        {
          "schema_version": 0,
          "attributes": {
            "id": "/subscriptions/f50561d7-1fc2-45d3-bbd8-a4a7925b1976/resourceGroups/rg-cj-test/providers/Microsoft.Network/networkSecurityGroups/demo-nsg-private",
            "location": "swedencentral",
            "name": "demo-nsg-private",
            "resource_group_name": "rg-cj-test",
            "security_rule": [
              {
                "access": "Allow",
                "description": "",
                "destination_address_prefix": "*",
                "destination_address_prefixes": [],
                "destination_application_security_group_ids": [],
                "destination_port_range": "22",
                "destination_port_ranges": [],
                "direction": "Inbound",
                "name": "Allow-SSH-From-VNet",
                "priority": 100,
                "protocol": "Tcp",
                "source_address_prefix": "VirtualNetwork",
                "source_address_prefixes": [],
                "source_application_security_group_ids": [],
                "source_port_range": "*",
                "source_port_ranges": []
              }
            ],
            "tags": null,
            "timeouts": null
          },
          "sensitive_attributes": [],
          "identity_schema_version": 0,
          "private": "eyJlMmJmYjczMC1lY2FhLTExZTYtOGY4OC0zNDM2M2JjN2M0YzAiOnsiY3JlYXRlIjoxODAwMDAwMDAwMDAwLCJkZWxldGUiOjE4MDAwMDAwMDAwMDAsInJlYWQiOjMwMDAwMDAwMDAwMCwidXBkYXRlIjoxODAwMDAwMDAwMDAwfX0=",
          "dependencies": [
            "azurerm_resource_group.rg"
          ]
        }
      ]
    },
    {
      "mode": "managed",
      "type": "azurerm_network_security_group",
      "name": "nsg_public",
      "provider": "provider[\"registry.terraform.io/hashicorp/azurerm\"]",
      "instances": [
        {
          "schema_version": 0,
          "attributes": {
            "id": "/subscriptions/f50561d7-1fc2-45d3-bbd8-a4a7925b1976/resourceGroups/rg-cj-test/providers/Microsoft.Network/networkSecurityGroups/demo-nsg-public",
            "location": "swedencentral",
            "name": "demo-nsg-public",
            "resource_group_name": "rg-cj-test",
            "security_rule": [
              {
                "access": "Allow",
                "description": "",
                "destination_address_prefix": "*",
                "destination_address_prefixes": [],
                "destination_application_security_group_ids": [],
                "destination_port_range": "22",
                "destination_port_ranges": [],
                "direction": "Inbound",
                "name": "Allow-SSH",
                "priority": 100,
                "protocol": "Tcp",
                "source_address_prefix": "*",
                "source_address_prefixes": [],
                "source_application_security_group_ids": [],
                "source_port_range": "*",
                "source_port_ranges": []
              }
            ],
            "tags": null,
            "timeouts": null
          },
          "sensitive_attributes": [],
          "identity_schema_version": 0,
          "private": "eyJlMmJmYjczMC1lY2FhLTExZTYtOGY4OC0zNDM2M2JjN2M0YzAiOnsiY3JlYXRlIjoxODAwMDAwMDAwMDAwLCJkZWxldGUiOjE4MDAwMDAwMDAwMDAsInJlYWQiOjMwMDAwMDAwMDAwMCwidXBkYXRlIjoxODAwMDAwMDAwMDAwfX0=",
          "dependencies": [
            "azurerm_resource_group.rg"
          ]
        }
      ]
    },
    {
      "mode": "managed",
      "type": "azurerm_public_ip",
      "name": "pubip",
      "provider": "provider[\"registry.terraform.io/hashicorp/azurerm\"]",
      "instances": [
        {
          "index_key": "demo-pub-vm1",
          "schema_version": 0,
          "attributes": {
            "allocation_method": "Static",
            "ddos_protection_mode": "VirtualNetworkInherited",
            "ddos_protection_plan_id": null,
            "domain_name_label": null,
            "edge_zone": "",
            "fqdn": null,
            "id": "/subscriptions/f50561d7-1fc2-45d3-bbd8-a4a7925b1976/resourceGroups/rg-cj-test/providers/Microsoft.Network/publicIPAddresses/demo-pub-vm1-pip",
            "idle_timeout_in_minutes": 4,
            "ip_address": "20.240.235.213",
            "ip_tags": null,
            "ip_version": "IPv4",
            "location": "swedencentral",
            "name": "demo-pub-vm1-pip",
            "public_ip_prefix_id": null,
            "resource_group_name": "rg-cj-test",
            "reverse_fqdn": null,
            "sku": "Standard",
            "sku_tier": "Regional",
            "tags": null,
            "timeouts": null,
            "zones": null
          },
          "sensitive_attributes": [],
          "identity_schema_version": 0,
          "private": "eyJlMmJmYjczMC1lY2FhLTExZTYtOGY4OC0zNDM2M2JjN2M0YzAiOnsiY3JlYXRlIjoxODAwMDAwMDAwMDAwLCJkZWxldGUiOjE4MDAwMDAwMDAwMDAsInJlYWQiOjMwMDAwMDAwMDAwMCwidXBkYXRlIjoxODAwMDAwMDAwMDAwfX0=",
          "dependencies": [
            "azurerm_resource_group.rg"
          ]
        }
      ]
    },
    {
      "mode": "managed",
      "type": "azurerm_resource_group",
      "name": "rg",
      "provider": "provider[\"registry.terraform.io/hashicorp/azurerm\"]",
      "instances": [
        {
          "schema_version": 0,
          "attributes": {
            "id": "/subscriptions/f50561d7-1fc2-45d3-bbd8-a4a7925b1976/resourceGroups/rg-cj-test",
            "location": "swedencentral",
            "managed_by": "",
            "name": "rg-cj-test",
            "tags": null,
            "timeouts": null
          },
          "sensitive_attributes": [],
          "identity_schema_version": 0,
          "private": "eyJlMmJmYjczMC1lY2FhLTExZTYtOGY4OC0zNDM2M2JjN2M0YzAiOnsiY3JlYXRlIjo1NDAwMDAwMDAwMDAwLCJkZWxldGUiOjU0MDAwMDAwMDAwMDAsInJlYWQiOjMwMDAwMDAwMDAwMCwidXBkYXRlIjo1NDAwMDAwMDAwMDAwfX0="
        }
      ]
    },
    {
      "mode": "managed",
      "type": "azurerm_subnet",
      "name": "private",
      "provider": "provider[\"registry.terraform.io/hashicorp/azurerm\"]",
      "instances": [
        {
          "schema_version": 0,
          "attributes": {
            "address_prefixes": [
              "10.10.2.0/24"
            ],
            "default_outbound_access_enabled": true,
            "delegation": [],
            "id": "/subscriptions/f50561d7-1fc2-45d3-bbd8-a4a7925b1976/resourceGroups/rg-cj-test/providers/Microsoft.Network/virtualNetworks/demo-vnet/subnets/demo-subnet-private",
            "name": "demo-subnet-private",
            "private_endpoint_network_policies": "Disabled",
            "private_link_service_network_policies_enabled": true,
            "resource_group_name": "rg-cj-test",
            "service_endpoint_policy_ids": null,
            "service_endpoints": null,
            "timeouts": null,
            "virtual_network_name": "demo-vnet"
          },
          "sensitive_attributes": [],
          "identity_schema_version": 0,
          "private": "eyJlMmJmYjczMC1lY2FhLTExZTYtOGY4OC0zNDM2M2JjN2M0YzAiOnsiY3JlYXRlIjoxODAwMDAwMDAwMDAwLCJkZWxldGUiOjE4MDAwMDAwMDAwMDAsInJlYWQiOjMwMDAwMDAwMDAwMCwidXBkYXRlIjoxODAwMDAwMDAwMDAwfX0=",
          "dependencies": [
            "azurerm_resource_group.rg",
            "azurerm_virtual_network.vnet"
          ]
        }
      ]
    },
    {
      "mode": "managed",
      "type": "azurerm_subnet",
      "name": "public",
      "provider": "provider[\"registry.terraform.io/hashicorp/azurerm\"]",
      "instances": [
        {
          "schema_version": 0,
          "attributes": {
            "address_prefixes": [
              "10.10.1.0/24"
            ],
            "default_outbound_access_enabled": true,
            "delegation": [],
            "id": "/subscriptions/f50561d7-1fc2-45d3-bbd8-a4a7925b1976/resourceGroups/rg-cj-test/providers/Microsoft.Network/virtualNetworks/demo-vnet/subnets/demo-subnet-public",
            "name": "demo-subnet-public",
            "private_endpoint_network_policies": "Disabled",
            "private_link_service_network_policies_enabled": true,
            "resource_group_name": "rg-cj-test",
            "service_endpoint_policy_ids": null,
            "service_endpoints": null,
            "timeouts": null,
            "virtual_network_name": "demo-vnet"
          },
          "sensitive_attributes": [],
          "identity_schema_version": 0,
          "private": "eyJlMmJmYjczMC1lY2FhLTExZTYtOGY4OC0zNDM2M2JjN2M0YzAiOnsiY3JlYXRlIjoxODAwMDAwMDAwMDAwLCJkZWxldGUiOjE4MDAwMDAwMDAwMDAsInJlYWQiOjMwMDAwMDAwMDAwMCwidXBkYXRlIjoxODAwMDAwMDAwMDAwfX0=",
          "dependencies": [
            "azurerm_resource_group.rg",
            "azurerm_virtual_network.vnet"
          ]
        }
      ]
    },
    {
      "mode": "managed",
      "type": "azurerm_subnet_network_security_group_association",
      "name": "assoc_private",
      "provider": "provider[\"registry.terraform.io/hashicorp/azurerm\"]",
      "instances": [
        {
          "schema_version": 0,
          "attributes": {
            "id": "/subscriptions/f50561d7-1fc2-45d3-bbd8-a4a7925b1976/resourceGroups/rg-cj-test/providers/Microsoft.Network/virtualNetworks/demo-vnet/subnets/demo-subnet-private",
            "network_security_group_id": "/subscriptions/f50561d7-1fc2-45d3-bbd8-a4a7925b1976/resourceGroups/rg-cj-test/providers/Microsoft.Network/networkSecurityGroups/demo-nsg-private",
            "subnet_id": "/subscriptions/f50561d7-1fc2-45d3-bbd8-a4a7925b1976/resourceGroups/rg-cj-test/providers/Microsoft.Network/virtualNetworks/demo-vnet/subnets/demo-subnet-private",
            "timeouts": null
          },
          "sensitive_attributes": [],
          "identity_schema_version": 0,
          "private": "eyJlMmJmYjczMC1lY2FhLTExZTYtOGY4OC0zNDM2M2JjN2M0YzAiOnsiY3JlYXRlIjoxODAwMDAwMDAwMDAwLCJkZWxldGUiOjE4MDAwMDAwMDAwMDAsInJlYWQiOjMwMDAwMDAwMDAwMH19",
          "dependencies": [
            "azurerm_network_security_group.nsg_private",
            "azurerm_resource_group.rg",
            "azurerm_subnet.private",
            "azurerm_virtual_network.vnet"
          ]
        }
      ]
    },
    {
      "mode": "managed",
      "type": "azurerm_subnet_network_security_group_association",
      "name": "assoc_public",
      "provider": "provider[\"registry.terraform.io/hashicorp/azurerm\"]",
      "instances": [
        {
          "schema_version": 0,
          "attributes": {
            "id": "/subscriptions/f50561d7-1fc2-45d3-bbd8-a4a7925b1976/resourceGroups/rg-cj-test/providers/Microsoft.Network/virtualNetworks/demo-vnet/subnets/demo-subnet-public",
            "network_security_group_id": "/subscriptions/f50561d7-1fc2-45d3-bbd8-a4a7925b1976/resourceGroups/rg-cj-test/providers/Microsoft.Network/networkSecurityGroups/demo-nsg-public",
            "subnet_id": "/subscriptions/f50561d7-1fc2-45d3-bbd8-a4a7925b1976/resourceGroups/rg-cj-test/providers/Microsoft.Network/virtualNetworks/demo-vnet/subnets/demo-subnet-public",
            "timeouts": null
          },
          "sensitive_attributes": [],
          "identity_schema_version": 0,
          "private": "eyJlMmJmYjczMC1lY2FhLTExZTYtOGY4OC0zNDM2M2JjN2M0YzAiOnsiY3JlYXRlIjoxODAwMDAwMDAwMDAwLCJkZWxldGUiOjE4MDAwMDAwMDAwMDAsInJlYWQiOjMwMDAwMDAwMDAwMH19",
          "dependencies": [
            "azurerm_network_security_group.nsg_public",
            "azurerm_resource_group.rg",
            "azurerm_subnet.public",
            "azurerm_virtual_network.vnet"
          ]
        }
      ]
    },
    {
      "mode": "managed",
      "type": "azurerm_virtual_network",
      "name": "vnet",
      "provider": "provider[\"registry.terraform.io/hashicorp/azurerm\"]",
      "instances": [
        {
          "schema_version": 0,
          "attributes": {
            "address_space": [
              "10.10.0.0/16"
            ],
            "bgp_community": "",
            "ddos_protection_plan": [],
            "dns_servers": [],
            "edge_zone": "",
            "encryption": [],
            "flow_timeout_in_minutes": 0,
            "guid": "ea5851b0-0fe3-4200-9041-e3ef7f7bc4b0",
            "id": "/subscriptions/f50561d7-1fc2-45d3-bbd8-a4a7925b1976/resourceGroups/rg-cj-test/providers/Microsoft.Network/virtualNetworks/demo-vnet",
            "location": "swedencentral",
            "name": "demo-vnet",
            "resource_group_name": "rg-cj-test",
            "subnet": [],
            "tags": null,
            "timeouts": null
          },
          "sensitive_attributes": [],
          "identity_schema_version": 0,
          "private": "eyJlMmJmYjczMC1lY2FhLTExZTYtOGY4OC0zNDM2M2JjN2M0YzAiOnsiY3JlYXRlIjoxODAwMDAwMDAwMDAwLCJkZWxldGUiOjE4MDAwMDAwMDAwMDAsInJlYWQiOjMwMDAwMDAwMDAwMCwidXBkYXRlIjoxODAwMDAwMDAwMDAwfX0=",
          "dependencies": [
            "azurerm_resource_group.rg"
          ]
        }
      ]
    }
  ],
  "check_results": null
}
